NeoBundleLock badwolf 25b81062e23e2e570d42d9bc510e7d9e48cda213
NeoBundleLock caw.vim 8a85fa8ff26ea60afd4bf9400cfc2263be127d51
NeoBundleLock colorizer 9d6dc32e6ec17615f9c0b286a989931db0f67542
NeoBundleLock emmet-vim 3654efd3d18d73d654be7de45a892911c295b08b
NeoBundleLock html5.vim 9bfa00bdb3fdca07c490b527e5e6ec6c4b017d3b
NeoBundleLock indentLine e046aa9e6feb397464b9545e861daed607d3c60c
NeoBundleLock jedi-vim 6b7dfe1c1afa9f40df283b2223676ba32f9aa791
NeoBundleLock landscape.vim 7ef819ac9fdbcc52cfb3296a3ecf591a13b43357
NeoBundleLock lightline.vim 430ce2cb063b39a0c7950cafd617e333acb6759a
NeoBundleLock molokai c67bdfcdb31415aa0ade7f8c003261700a885476
NeoBundleLock neobundle.vim 30c40ccbfc6371fb922eece6e0657eb5da9e479b
NeoBundleLock neocomplete.vim 0dbc6e4594db2e7fdd4c71b93e67b51e26c9c258
NeoBundleLock neoinclude.vim 1906954bc29dd9a9757cc5f8e7eff3780d38cbad
NeoBundleLock neosnippet d5bef2e5bed5400733728765bf1fe671a655d209
NeoBundleLock neosnippet-snippets 17219351bcbec3708295c72c8280471eed12b8fe
NeoBundleLock onedark.vim de274b785ef065666a4854379810694233c6efdf
NeoBundleLock sudo.vim 060f0250d6f399d1cf9b15eaad3d55b3fbad4b0d
NeoBundleLock unite.vim faeff916c6af683990d3afe571047ebdb8bf2a4b
NeoBundleLock vim-autopep8 c5e62f0a22348f22f7a54712dbcc9b70c5e769f5
NeoBundleLock vim-clang 0076e0c64baa71c1c1f404e6a500e45190cdad5c
NeoBundleLock vim-css3-syntax 5c81b99e3e73908d042c76e48f4de1c5ed12bb30
NeoBundleLock vim-fugitive c00ebd75ac23f4080c0d0bf9453b16304a3fb316
NeoBundleLock vim-gitgutter b803a28f47b26d16f5fe9e747850992c9985c667
NeoBundleLock vim-processing 879d0c1ad152c01fa6abf31ae568fba8d1e07ea4
NeoBundleLock vim-quickrun 5149ecd1502b7fc2583cb8799ac1a0c72c41f828
NeoBundleLock vim-swift 85025c4af417b5462831935dd7c2d57e4a5559bd
NeoBundleLock vimproc c2f6b82af60a4e7acde0e8dc4e6b6f5dc1cc8e1d
NeoBundleLock vimshell d36fde6da558d4cad7a1d03a07fd5e1fcf299141
